
Microsoft Visual Studio Solution File, Format Version 12.00
Project("{FAE04EC0-301F-11D3-BF4B-00C04F79EFBC}") = "Training", "Training.csproj", "{1E571FEB-65E4-41B1-9DBC-9BE5EBCA284B}"
EndProject
Global
	GlobalSection(SolutionConfigurationPlatforms) = preSolution
		Debug|Any CPU = Debug|Any CPU
		Release|Any CPU = Release|Any CPU
	EndGlobalSection
	GlobalSection(ProjectConfigurationPlatforms) = postSolution
		{1E571FEB-65E4-41B1-9DBC-9BE5EBCA284B}.Debug|Any CPU.ActiveCfg = Debug|Any CPU
		{1E571FEB-65E4-41B1-9DBC-9BE5EBCA284B}.Debug|Any CPU.Build.0 = Debug|Any CPU
		{1E571FEB-65E4-41B1-9DBC-9BE5EBCA284B}.Release|Any CPU.ActiveCfg = Release|Any CPU
		{1E571FEB-65E4-41B1-9DBC-9BE5EBCA284B}.Release|Any CPU.Build.0 = Release|Any CPU
	EndGlobalSection
EndGlobal
